
Microsoft Visual Studio Solution File, Format Version 12.00
# Visual Studio 2013
VisualStudioVersion = 12.0.21005.1
MinimumVisualStudioVersion = 10.0.40219.1
Project("{2150E333-8FDC-42A3-9474-1A3956D46DE8}") = "Solution Items", "Solution Items", "{077F5F59-D632-43EE-BC2F-8B3A78AC8388}"
	ProjectSection(SolutionItems) = preProject
		OnlineSales.guidancestate = OnlineSales.guidancestate
		OnlineSales.slnbldr = OnlineSales.slnbldr
		ServiceMatrixVersion.txt = ServiceMatrixVersion.txt
	EndProjectSection
EndProject
Project("{FAE04EC0-301F-11D3-BF4B-00C04F79EFBC}") = "OnlineSales.Contracts", "OnlineSales.Contracts\OnlineSales.Contracts.csproj", "{7BA9A861-5A3C-40DD-B03B-2BA6E35D511E}"
EndProject
Project("{FAE04EC0-301F-11D3-BF4B-00C04F79EFBC}") = "OnlineSales.Internal", "OnlineSales.Internal\OnlineSales.Internal.csproj", "{AA3E55EC-4C68-4B15-B519-8B2696684D43}"
EndProject
Project("{FAE04EC0-301F-11D3-BF4B-00C04F79EFBC}") = "OnlineSales.ECommerce", "OnlineSales.ECommerce\OnlineSales.ECommerce.csproj", "{621D142C-3F61-4505-B11C-61E12FAE848A}"
EndProject
Project("{FAE04EC0-301F-11D3-BF4B-00C04F79EFBC}") = "OnlineSales.OrderProcessing", "OnlineSales.OrderProcessing\OnlineSales.OrderProcessing.csproj", "{49DDC849-2BBF-4BE1-930A-841682073B69}"
EndProject
Project("{FAE04EC0-301F-11D3-BF4B-00C04F79EFBC}") = "OnlineSales.Billing", "OnlineSales.Billing\OnlineSales.Billing.csproj", "{5131A55F-C5D8-4185-A8B8-B09E4893CDCD}"
EndProject
Project("{FAE04EC0-301F-11D3-BF4B-00C04F79EFBC}") = "OnlineSales.PaymentProcessing", "OnlineSales.PaymentProcessing\OnlineSales.PaymentProcessing.csproj", "{E182CAB3-FCE5-4A71-9F58-23059DE86F6C}"
EndProject
Global
	GlobalSection(SolutionConfigurationPlatforms) = preSolution
		Debug|Any CPU = Debug|Any CPU
		Release|Any CPU = Release|Any CPU
	EndGlobalSection
	GlobalSection(ProjectConfigurationPlatforms) = postSolution
		{7BA9A861-5A3C-40DD-B03B-2BA6E35D511E}.Debug|Any CPU.ActiveCfg = Debug|Any CPU
		{7BA9A861-5A3C-40DD-B03B-2BA6E35D511E}.Debug|Any CPU.Build.0 = Debug|Any CPU
		{7BA9A861-5A3C-40DD-B03B-2BA6E35D511E}.Release|Any CPU.ActiveCfg = Release|Any CPU
		{7BA9A861-5A3C-40DD-B03B-2BA6E35D511E}.Release|Any CPU.Build.0 = Release|Any CPU
		{AA3E55EC-4C68-4B15-B519-8B2696684D43}.Debug|Any CPU.ActiveCfg = Debug|Any CPU
		{AA3E55EC-4C68-4B15-B519-8B2696684D43}.Debug|Any CPU.Build.0 = Debug|Any CPU
		{AA3E55EC-4C68-4B15-B519-8B2696684D43}.Release|Any CPU.ActiveCfg = Release|Any CPU
		{AA3E55EC-4C68-4B15-B519-8B2696684D43}.Release|Any CPU.Build.0 = Release|Any CPU
		{621D142C-3F61-4505-B11C-61E12FAE848A}.Debug|Any CPU.ActiveCfg = Debug|Any CPU
		{621D142C-3F61-4505-B11C-61E12FAE848A}.Debug|Any CPU.Build.0 = Debug|Any CPU
		{621D142C-3F61-4505-B11C-61E12FAE848A}.Release|Any CPU.ActiveCfg = Release|Any CPU
		{621D142C-3F61-4505-B11C-61E12FAE848A}.Release|Any CPU.Build.0 = Release|Any CPU
		{49DDC849-2BBF-4BE1-930A-841682073B69}.Debug|Any CPU.ActiveCfg = Debug|Any CPU
		{49DDC849-2BBF-4BE1-930A-841682073B69}.Debug|Any CPU.Build.0 = Debug|Any CPU
		{49DDC849-2BBF-4BE1-930A-841682073B69}.Release|Any CPU.ActiveCfg = Release|Any CPU
		{49DDC849-2BBF-4BE1-930A-841682073B69}.Release|Any CPU.Build.0 = Release|Any CPU
		{5131A55F-C5D8-4185-A8B8-B09E4893CDCD}.Debug|Any CPU.ActiveCfg = Debug|Any CPU
		{5131A55F-C5D8-4185-A8B8-B09E4893CDCD}.Debug|Any CPU.Build.0 = Debug|Any CPU
		{5131A55F-C5D8-4185-A8B8-B09E4893CDCD}.Release|Any CPU.ActiveCfg = Release|Any CPU
		{5131A55F-C5D8-4185-A8B8-B09E4893CDCD}.Release|Any CPU.Build.0 = Release|Any CPU
		{E182CAB3-FCE5-4A71-9F58-23059DE86F6C}.Debug|Any CPU.ActiveCfg = Debug|Any CPU
		{E182CAB3-FCE5-4A71-9F58-23059DE86F6C}.Debug|Any CPU.Build.0 = Debug|Any CPU
		{E182CAB3-FCE5-4A71-9F58-23059DE86F6C}.Release|Any CPU.ActiveCfg = Release|Any CPU
		{E182CAB3-FCE5-4A71-9F58-23059DE86F6C}.Release|Any CPU.Build.0 = Release|Any CPU
	EndGlobalSection
	GlobalSection(SolutionProperties) = preSolution
		HideSolutionNode = FALSE
	EndGlobalSection
	GlobalSection(ExtensibilityGlobals) = postSolution
		GuidanceWorkflows = 23795EC3-3DEA-4F04-9044-4056CF91A2ED:ServiceMatrix Guidance:2.1.2
	EndGlobalSection
EndGlobal
